// !$*UTF8*$!
{
	archiveVersion = 1;
	classes = {
	};
	objectVersion = 56;
	objects = {

/* Begin PBXBuildFile section */
		E00ED0C22BC7697200D1DBAA /* AppDelegate.swift in Sources */ = {isa = PBXBuildFile; fileRef = E00ED0C12BC7697200D1DBAA /* AppDelegate.swift */; };
		E00ED0C42BC7697200D1DBAA /* SceneDelegate.swift in Sources */ = {isa = PBXBuildFile; fileRef = E00ED0C32BC7697200D1DBAA /* SceneDelegate.swift */; };
		E00ED0C62BC7697200D1DBAA /* ViewController.swift in Sources */ = {isa = PBXBuildFile; fileRef = E00ED0C52BC7697200D1DBAA /* ViewController.swift */; };
		E00ED0C92BC7697200D1DBAA /* Main.storyboard in Resources */ = {isa = PBXBuildFile; fileRef = E00ED0C72BC7697200D1DBAA /* Main.storyboard */; };
		E00ED0CB2BC7697400D1DBAA /* Assets.xcassets in Resources */ = {isa = PBXBuildFile; fileRef = E00ED0CA2BC7697400D1DBAA /* Assets.xcassets */; };
		E00ED0CE2BC7697400D1DBAA /* LaunchScreen.storyboard in Resources */ = {isa = PBXBuildFile; fileRef = E00ED0CC2BC7697400D1DBAA /* LaunchScreen.storyboard */; };
		E00ED0D92BC7697400D1DBAA /* NetworkTestingAppTests.swift in Sources */ = {isa = PBXBuildFile; fileRef = E00ED0D82BC7697400D1DBAA /* NetworkTestingAppTests.swift */; };
		E00ED0E32BC7697400D1DBAA /* NetworkTestingAppUITests.swift in Sources */ = {isa = PBXBuildFile; fileRef = E00ED0E22BC7697400D1DBAA /* NetworkTestingAppUITests.swift */; };
		E00ED0E52BC7697400D1DBAA /* NetworkTestingAppUITestsLaunchTests.swift in Sources */ = {isa = PBXBuildFile; fileRef = E00ED0E42BC7697400D1DBAA /* NetworkTestingAppUITestsLaunchTests.swift */; };
/* End PBXBuildFile section */

/* Begin PBXContainerItemProxy section */
		E00ED0D52BC7697400D1DBAA /* PBXContainerItemProxy */ = {
			isa = PBXContainerItemProxy;
			containerPortal = E00ED0B62BC7697200D1DBAA /* Project object */;
			proxyType = 1;
			remoteGlobalIDString = E00ED0BD2BC7697200D1DBAA;
			remoteInfo = NetworkTestingApp;
		};
		E00ED0DF2BC7697400D1DBAA /* PBXContainerItemProxy */ = {
			isa = PBXContainerItemProxy;
			containerPortal = E00ED0B62BC7697200D1DBAA /* Project object */;
			proxyType = 1;
			remoteGlobalIDString = E00ED0BD2BC7697200D1DBAA;
			remoteInfo = NetworkTestingApp;
		};
/* End PBXContainerItemProxy section */

/* Begin PBXFileReference section */
		E00ED0BE2BC7697200D1DBAA /* NetworkTestingApp.app */ = {isa = PBXFileReference; explicitFileType = wrapper.application; includeInIndex = 0; path = NetworkTestingApp.app; sourceTree = BUILT_PRODUCTS_DIR; };
		E00ED0C12BC7697200D1DBAA /* AppDelegate.swift */ = {isa = PBXFileReference; lastKnownFileType = sourcecode.swift; path = AppDelegate.swift; sourceTree = "<group>"; };
		E00ED0C32BC7697200D1DBAA /* SceneDelegate.swift */ = {isa = PBXFileReference; lastKnownFileType = sourcecode.swift; path = SceneDelegate.swift; sourceTree = "<group>"; };
		E00ED0C52BC7697200D1DBAA /* ViewController.swift */ = {isa = PBXFileReference; lastKnownFileType = sourcecode.swift; path = ViewController.swift; sourceTree = "<group>"; };
		E00ED0C82BC7697200D1DBAA /* Base */ = {isa = PBXFileReference; lastKnownFileType = file.storyboard; name = Base; path = Base.lproj/Main.storyboard; sourceTree = "<group>"; };
		E00ED0CA2BC7697400D1DBAA /* Assets.xcassets */ = {isa = PBXFileReference; lastKnownFileType = folder.assetcatalog; path = Assets.xcassets; sourceTree = "<group>"; };
		E00ED0CD2BC7697400D1DBAA /* Base */ = {isa = PBXFileReference; lastKnownFileType = file.storyboard; name = Base; path = Base.lproj/LaunchScreen.storyboard; sourceTree = "<group>"; };
		E00ED0CF2BC7697400D1DBAA /* Info.plist */ = {isa = PBXFileReference; lastKnownFileType = text.plist.xml; path = Info.plist; sourceTree = "<group>"; };
		E00ED0D42BC7697400D1DBAA /* NetworkTestingAppTests.xctest */ = {isa = PBXFileReference; explicitFileType = wrapper.cfbundle; includeInIndex = 0; path = NetworkTestingAppTests.xctest; sourceTree = BUILT_PRODUCTS_DIR; };
		E00ED0D82BC7697400D1DBAA /* NetworkTestingAppTests.swift */ = {isa = PBXFileReference; lastKnownFileType = sourcecode.swift; path = NetworkTestingAppTests.swift; sourceTree = "<group>"; };
		E00ED0DE2BC7697400D1DBAA /* NetworkTestingAppUITests.xctest */ = {isa = PBXFileReference; explicitFileType = wrapper.cfbundle; includeInIndex = 0; path = NetworkTestingAppUITests.xctest; sourceTree = BUILT_PRODUCTS_DIR; };
		E00ED0E22BC7697400D1DBAA /* NetworkTestingAppUITests.swift */ = {isa = PBXFileReference; lastKnownFileType = sourcecode.swift; path = NetworkTestingAppUITests.swift; sourceTree = "<group>"; };
		E00ED0E42BC7697400D1DBAA /* NetworkTestingAppUITestsLaunchTests.swift */ = {isa = PBXFileReference; lastKnownFileType = sourcecode.swift; path = NetworkTestingAppUITestsLaunchTests.swift; sourceTree = "<group>"; };
/* End PBXFileReference section */

/* Begin PBXFrameworksBuildPhase section */
		E00ED0BB2BC7697200D1DBAA /* Frameworks */ = {
			isa = PBXFrameworksBuildPhase;
			buildActionMask = 2147483647;
			files = (
			);
			runOnlyForDeploymentPostprocessing = 0;
		};
		E00ED0D12BC7697400D1DBAA /* Frameworks */ = {
			isa = PBXFrameworksBuildPhase;
			buildActionMask = 2147483647;
			files = (
			);
			runOnlyForDeploymentPostprocessing = 0;
		};
		E00ED0DB2BC7697400D1DBAA /* Frameworks */ = {
			isa = PBXFrameworksBuildPhase;
			buildActionMask = 2147483647;
			files = (
			);
			runOnlyForDeploymentPostprocessing = 0;
		};
/* End PBXFrameworksBuildPhase section */

/* Begin PBXGroup section */
		E00ED0B52BC7697200D1DBAA = {
			isa = PBXGroup;
			children = (
				E00ED0C02BC7697200D1DBAA /* NetworkTestingApp */,
				E00ED0D72BC7697400D1DBAA /* NetworkTestingAppTests */,
				E00ED0E12BC7697400D1DBAA /* NetworkTestingAppUITests */,
				E00ED0BF2BC7697200D1DBAA /* Products */,
			);
			sourceTree = "<group>";
		};
		E00ED0BF2BC7697200D1DBAA /* Products */ = {
			isa = PBXGroup;
			children = (
				E00ED0BE2BC7697200D1DBAA /* NetworkTestingApp.app */,
				E00ED0D42BC7697400D1DBAA /* NetworkTestingAppTests.xctest */,
				E00ED0DE2BC7697400D1DBAA /* NetworkTestingAppUITests.xctest */,
			);
			name = Products;
			sourceTree = "<group>";
		};
		E00ED0C02BC7697200D1DBAA /* NetworkTestingApp */ = {
			isa = PBXGroup;
			children = (
				E00ED0C12BC7697200D1DBAA /* AppDelegate.swift */,
				E00ED0C32BC7697200D1DBAA /* SceneDelegate.swift */,
				E00ED0C52BC7697200D1DBAA /* ViewController.swift */,
				E00ED0C72BC7697200D1DBAA /* Main.storyboard */,
				E00ED0CA2BC7697400D1DBAA /* Assets.xcassets */,
				E00ED0CC2BC7697400D1DBAA /* LaunchScreen.storyboard */,
				E00ED0CF2BC7697400D1DBAA /* Info.plist */,
			);
			path = NetworkTestingApp;
			sourceTree = "<group>";
		};
		E00ED0D72BC7697400D1DBAA /* NetworkTestingAppTests */ = {
			isa = PBXGroup;
			children = (
				E00ED0D82BC7697400D1DBAA /* NetworkTestingAppTests.swift */,
			);
			path = NetworkTestingAppTests;
			sourceTree = "<group>";
		};
		E00ED0E12BC7697400D1DBAA /* NetworkTestingAppUITests */ = {
			isa = PBXGroup;
			children = (
				E00ED0E22BC7697400D1DBAA /* NetworkTestingAppUITests.swift */,
				E00ED0E42BC7697400D1DBAA /* NetworkTestingAppUITestsLaunchTests.swift */,
			);
			path = NetworkTestingAppUITests;
			sourceTree = "<group>";
		};
/* End PBXGroup section */

/* Begin PBXNativeTarget section */
		E00ED0BD2BC7697200D1DBAA /* NetworkTestingApp */ = {
			isa = PBXNativeTarget;
			buildConfigurationList = E00ED0E82BC7697400D1DBAA /* Build configuration list for PBXNativeTarget "NetworkTestingApp" */;
			buildPhases = (
				E00ED0BA2BC7697200D1DBAA /* Sources */,
				E00ED0BB2BC7697200D1DBAA /* Frameworks */,
				E00ED0BC2BC7697200D1DBAA /* Resources */,
			);
			buildRules = (
			);
			dependencies = (
			);
			name = NetworkTestingApp;
			productName = NetworkTestingApp;
			productReference = E00ED0BE2BC7697200D1DBAA /* NetworkTestingApp.app */;
			productType = "com.apple.product-type.application";
		};
		E00ED0D32BC7697400D1DBAA /* NetworkTestingAppTests */ = {
			isa = PBXNativeTarget;
			buildConfigurationList = E00ED0EB2BC7697400D1DBAA /* Build configuration list for PBXNativeTarget "NetworkTestingAppTests" */;
			buildPhases = (
				E00ED0D02BC7697400D1DBAA /* Sources */,
				E00ED0D12BC7697400D1DBAA /* Frameworks */,
				E00ED0D22BC7697400D1DBAA /* Resources */,
			);
			buildRules = (
			);
			dependencies = (
				E00ED0D62BC7697400D1DBAA /* PBXTargetDependency */,
			);
			name = NetworkTestingAppTests;
			productName = NetworkTestingAppTests;
			productReference = E00ED0D42BC7697400D1DBAA /* NetworkTestingAppTests.xctest */;
			productType = "com.apple.product-type.bundle.unit-test";
		};
		E00ED0DD2BC7697400D1DBAA /* NetworkTestingAppUITests */ = {
			isa = PBXNativeTarget;
			buildConfigurationList = E00ED0EE2BC7697400D1DBAA /* Build configuration list for PBXNativeTarget "NetworkTestingAppUITests" */;
			buildPhases = (
				E00ED0DA2BC7697400D1DBAA /* Sources */,
				E00ED0DB2BC7697400D1DBAA /* Frameworks */,
				E00ED0DC2BC7697400D1DBAA /* Resources */,
			);
			buildRules = (
			);
			dependencies = (
				E00ED0E02BC7697400D1DBAA /* PBXTargetDependency */,
			);
			name = NetworkTestingAppUITests;
			productName = NetworkTestingAppUITests;
			productReference = E00ED0DE2BC7697400D1DBAA /* NetworkTestingAppUITests.xctest */;
			productType = "com.apple.product-type.bundle.ui-testing";
		};
/* End PBXNativeTarget section */

/* Begin PBXProject section */
		E00ED0B62BC7697200D1DBAA /* Project object */ = {
			isa = PBXProject;
			attributes = {
				BuildIndependentTargetsInParallel = 1;
				LastSwiftUpdateCheck = 1500;
				LastUpgradeCheck = 1500;
				TargetAttributes = {
					E00ED0BD2BC7697200D1DBAA = {
						CreatedOnToolsVersion = 15.0.1;
					};
					E00ED0D32BC7697400D1DBAA = {
						CreatedOnToolsVersion = 15.0.1;
						TestTargetID = E00ED0BD2BC7697200D1DBAA;
					};
					E00ED0DD2BC7697400D1DBAA = {
						CreatedOnToolsVersion = 15.0.1;
						TestTargetID = E00ED0BD2BC7697200D1DBAA;
					};
				};
			};
			buildConfigurationList = E00ED0B92BC7697200D1DBAA /* Build configuration list for PBXProject "NetworkTestingApp" */;
			compatibilityVersion = "Xcode 14.0";
			developmentRegion = en;
			hasScannedForEncodings = 0;
			knownRegions = (
				en,
				Base,
			);
			mainGroup = E00ED0B52BC7697200D1DBAA;
			productRefGroup = E00ED0BF2BC7697200D1DBAA /* Products */;
			projectDirPath = "";
			projectRoot = "";
			targets = (
				E00ED0BD2BC7697200D1DBAA /* NetworkTestingApp */,
				E00ED0D32BC7697400D1DBAA /* NetworkTestingAppTests */,
				E00ED0DD2BC7697400D1DBAA /* NetworkTestingAppUITests */,
			);
		};
/* End PBXProject section */

/* Begin PBXResourcesBuildPhase section */
		E00ED0BC2BC7697200D1DBAA /* Resources */ = {
			isa = PBXResourcesBuildPhase;
			buildActionMask = 2147483647;
			files = (
				E00ED0CE2BC7697400D1DBAA /* LaunchScreen.storyboard in Resources */,
				E00ED0CB2BC7697400D1DBAA /* Assets.xcassets in Resources */,
				E00ED0C92BC7697200D1DBAA /* Main.storyboard in Resources */,
			);
			runOnlyForDeploymentPostprocessing = 0;
		};
		E00ED0D22BC7697400D1DBAA /* Resources */ = {
			isa = PBXResourcesBuildPhase;
			buildActionMask = 2147483647;
			files = (
			);
			runOnlyForDeploymentPostprocessing = 0;
		};
		E00ED0DC2BC7697400D1DBAA /* Resources */ = {
			isa = PBXResourcesBuildPhase;
			buildActionMask = 2147483647;
			files = (
			);
			runOnlyForDeploymentPostprocessing = 0;
		};
/* End PBXResourcesBuildPhase section */

/* Begin PBXSourcesBuildPhase section */
		E00ED0BA2BC7697200D1DBAA /* Sources */ = {
			isa = PBXSourcesBuildPhase;
			buildActionMask = 2147483647;
			files = (
				E00ED0C62BC7697200D1DBAA /* ViewController.swift in Sources */,
				E00ED0C22BC7697200D1DBAA /* AppDelegate.swift in Sources */,
				E00ED0C42BC7697200D1DBAA /* SceneDelegate.swift in Sources */,
			);
			runOnlyForDeploymentPostprocessing = 0;
		};
		E00ED0D02BC7697400D1DBAA /* Sources */ = {
			isa = PBXSourcesBuildPhase;
			buildActionMask = 2147483647;
			files = (
				E00ED0D92BC7697400D1DBAA /* NetworkTestingAppTests.swift in Sources */,
			);
			runOnlyForDeploymentPostprocessing = 0;
		};
		E00ED0DA2BC7697400D1DBAA /* Sources */ = {
			isa = PBXSourcesBuildPhase;
			buildActionMask = 2147483647;
			files = (
				E00ED0E52BC7697400D1DBAA /* NetworkTestingAppUITestsLaunchTests.swift in Sources */,
				E00ED0E32BC7697400D1DBAA /* NetworkTestingAppUITests.swift in Sources */,
			);
			runOnlyForDeploymentPostprocessing = 0;
		};
/* End PBXSourcesBuildPhase section */

/* Begin PBXTargetDependency section */
		E00ED0D62BC7697400D1DBAA /* PBXTargetDependency */ = {
			isa = PBXTargetDependency;
			target = E00ED0BD2BC7697200D1DBAA /* NetworkTestingApp */;
			targetProxy = E00ED0D52BC7697400D1DBAA /* PBXContainerItemProxy */;
		};
		E00ED0E02BC7697400D1DBAA /* PBXTargetDependency */ = {
			isa = PBXTargetDependency;
			target = E00ED0BD2BC7697200D1DBAA /* NetworkTestingApp */;
			targetProxy = E00ED0DF2BC7697400D1DBAA /* PBXContainerItemProxy */;
		};
/* End PBXTargetDependency section */

/* Begin PBXVariantGroup section */
		E00ED0C72BC7697200D1DBAA /* Main.storyboard */ = {
			isa = PBXVariantGroup;
			children = (
				E00ED0C82BC7697200D1DBAA /* Base */,
			);
			name = Main.storyboard;
			sourceTree = "<group>";
		};
		E00ED0CC2BC7697400D1DBAA /* LaunchScreen.storyboard */ = {
			isa = PBXVariantGroup;
			children = (
				E00ED0CD2BC7697400D1DBAA /* Base */,
			);
			name = LaunchScreen.storyboard;
			sourceTree = "<group>";
		};
/* End PBXVariantGroup section */

/* Begin XCBuildConfiguration section */
		E00ED0E62BC7697400D1DBAA /* Debug */ = {
			isa = XCBuildConfiguration;
			buildSettings = {
				ALWAYS_SEARCH_USER_PATHS = NO;
				ASSETCATALOG_COMPILER_GENERATE_SWIFT_ASSET_SYMBOL_EXTENSIONS = YES;
				CLANG_ANALYZER_NONNULL = YES;
				CLANG_ANALYZER_NUMBER_OBJECT_CONVERSION = YES_AGGRESSIVE;
				CLANG_CXX_LANGUAGE_STANDARD = "gnu++20";
				CLANG_ENABLE_MODULES = YES;
				CLANG_ENABLE_OBJC_ARC = YES;
				CLANG_ENABLE_OBJC_WEAK = YES;
				CLANG_WARN_BLOCK_CAPTURE_AUTORELEASING = YES;
				CLANG_WARN_BOOL_CONVERSION = YES;
				CLANG_WARN_COMMA = YES;
				CLANG_WARN_CONSTANT_CONVERSION = YES;
				CLANG_WARN_DEPRECATED_OBJC_IMPLEMENTATIONS = YES;
				CLANG_WARN_DIRECT_OBJC_ISA_USAGE = YES_ERROR;
				CLANG_WARN_DOCUMENTATION_COMMENTS = YES;
				CLANG_WARN_EMPTY_BODY = YES;
				CLANG_WARN_ENUM_CONVERSION = YES;
				CLANG_WARN_INFINITE_RECURSION = YES;
				CLANG_WARN_INT_CONVERSION = YES;
				CLANG_WARN_NON_LITERAL_NULL_CONVERSION = YES;
				CLANG_WARN_OBJC_IMPLICIT_RETAIN_SELF = YES;
				CLANG_WARN_OBJC_LITERAL_CONVERSION = YES;
				CLANG_WARN_OBJC_ROOT_CLASS = YES_ERROR;
				CLANG_WARN_QUOTED_INCLUDE_IN_FRAMEWORK_HEADER = YES;
				CLANG_WARN_RANGE_LOOP_ANALYSIS = YES;
				CLANG_WARN_STRICT_PROTOTYPES = YES;
				CLANG_WARN_SUSPICIOUS_MOVE = YES;
				CLANG_WARN_UNGUARDED_AVAILABILITY = YES_AGGRESSIVE;
				CLANG_WARN_UNREACHABLE_CODE = YES;
				CLANG_WARN__DUPLICATE_METHOD_MATCH = YES;
				COPY_PHASE_STRIP = NO;
				DEBUG_INFORMATION_FORMAT = dwarf;
				ENABLE_STRICT_OBJC_MSGSEND = YES;
				ENABLE_TESTABILITY = YES;
				ENABLE_USER_SCRIPT_SANDBOXING = YES;
				GCC_C_LANGUAGE_STANDARD = gnu17;
				GCC_DYNAMIC_NO_PIC = NO;
				GCC_NO_COMMON_BLOCKS = YES;
				GCC_OPTIMIZATION_LEVEL = 0;
				GCC_PREPROCESSOR_DEFINITIONS = (
					"DEBUG=1",
					"$(inherited)",
				);
				GCC_WARN_64_TO_32_BIT_CONVERSION = YES;
				GCC_WARN_ABOUT_RETURN_TYPE = YES_ERROR;
				GCC_WARN_UNDECLARED_SELECTOR = YES;
				GCC_WARN_UNINITIALIZED_AUTOS = YES_AGGRESSIVE;
				GCC_WARN_UNUSED_FUNCTION = YES;
				GCC_WARN_UNUSED_VARIABLE = YES;
				IPHONEOS_DEPLOYMENT_TARGET = 17.0;
				LOCALIZATION_PREFERS_STRING_CATALOGS = YES;
				MTL_ENABLE_DEBUG_INFO = INCLUDE_SOURCE;
				MTL_FAST_MATH = YES;
				ONLY_ACTIVE_ARCH = YES;
				SDKROOT = iphoneos;
				SWIFT_ACTIVE_COMPILATION_CONDITIONS = "DEBUG $(inherited)";
				SWIFT_OPTIMIZATION_LEVEL = "-Onone";
			};
			name = Debug;
		};
		E00ED0E72BC7697400D1DBAA /* Release */ = {
			isa = XCBuildConfiguration;
			buildSettings = {
				ALWAYS_SEARCH_USER_PATHS = NO;
				ASSETCATALOG_COMPILER_GENERATE_SWIFT_ASSET_SYMBOL_EXTENSIONS = YES;
				CLANG_ANALYZER_NONNULL = YES;
				CLANG_ANALYZER_NUMBER_OBJECT_CONVERSION = YES_AGGRESSIVE;
				CLANG_CXX_LANGUAGE_STANDARD = "gnu++20";
				CLANG_ENABLE_MODULES = YES;
				CLANG_ENABLE_OBJC_ARC = YES;
				CLANG_ENABLE_OBJC_WEAK = YES;
				CLANG_WARN_BLOCK_CAPTURE_AUTORELEASING = YES;
				CLANG_WARN_BOOL_CONVERSION = YES;
				CLANG_WARN_COMMA = YES;
				CLANG_WARN_CONSTANT_CONVERSION = YES;
				CLANG_WARN_DEPRECATED_OBJC_IMPLEMENTATIONS = YES;
				CLANG_WARN_DIRECT_OBJC_ISA_USAGE = YES_ERROR;
				CLANG_WARN_DOCUMENTATION_COMMENTS = YES;
				CLANG_WARN_EMPTY_BODY = YES;
				CLANG_WARN_ENUM_CONVERSION = YES;
				CLANG_WARN_INFINITE_RECURSION = YES;
				CLANG_WARN_INT_CONVERSION = YES;
				CLANG_WARN_NON_LITERAL_NULL_CONVERSION = YES;
				CLANG_WARN_OBJC_IMPLICIT_RETAIN_SELF = YES;
				CLANG_WARN_OBJC_LITERAL_CONVERSION = YES;
				CLANG_WARN_OBJC_ROOT_CLASS = YES_ERROR;
				CLANG_WARN_QUOTED_INCLUDE_IN_FRAMEWORK_HEADER = YES;
				CLANG_WARN_RANGE_LOOP_ANALYSIS = YES;
				CLANG_WARN_STRICT_PROTOTYPES = YES;
				CLANG_WARN_SUSPICIOUS_MOVE = YES;
				CLANG_WARN_UNGUARDED_AVAILABILITY = YES_AGGRESSIVE;
				CLANG_WARN_UNREACHABLE_CODE = YES;
				CLANG_WARN__DUPLICATE_METHOD_MATCH = YES;
				COPY_PHASE_STRIP = NO;
				DEBUG_INFORMATION_FORMAT = "dwarf-with-dsym";
				ENABLE_NS_ASSERTIONS = NO;
				ENABLE_STRICT_OBJC_MSGSEND = YES;
				ENABLE_USER_SCRIPT_SANDBOXING = YES;
				GCC_C_LANGUAGE_STANDARD = gnu17;
				GCC_NO_COMMON_BLOCKS = YES;
				GCC_WARN_64_TO_32_BIT_CONVERSION = YES;
				GCC_WARN_ABOUT_RETURN_TYPE = YES_ERROR;
				GCC_WARN_UNDECLARED_SELECTOR = YES;
				GCC_WARN_UNINITIALIZED_AUTOS = YES_AGGRESSIVE;
				GCC_WARN_UNUSED_FUNCTION = YES;
				GCC_WARN_UNUSED_VARIABLE = YES;
				IPHONEOS_DEPLOYMENT_TARGET = 17.0;
				LOCALIZATION_PREFERS_STRING_CATALOGS = YES;
				MTL_ENABLE_DEBUG_INFO = NO;
				MTL_FAST_MATH = YES;
				SDKROOT = iphoneos;
				SWIFT_COMPILATION_MODE = wholemodule;
				VALIDATE_PRODUCT = YES;
			};
			name = Release;
		};
		E00ED0E92BC7697400D1DBAA /* Debug */ = {
			isa = XCBuildConfiguration;
			buildSettings = {
				ASSETCATALOG_COMPILER_APPICON_NAME = AppIcon;
				ASSETCATALOG_COMPILER_GLOBAL_ACCENT_COLOR_NAME = AccentColor;
				CODE_SIGN_STYLE = Automatic;
				CURRENT_PROJECT_VERSION = 1;
				GENERATE_INFOPLIST_FILE = YES;
				INFOPLIST_FILE = NetworkTestingApp/Info.plist;
				INFOPLIST_KEY_UIApplicationSupportsIndirectInputEvents = YES;
				INFOPLIST_KEY_UILaunchStoryboardName = LaunchScreen;
				INFOPLIST_KEY_UIMainStoryboardFile = Main;
				INFOPLIST_KEY_UISupportedInterfaceOrientations_iPad = "UIInterfaceOrientationPortrait UIInterfaceOrientationPortraitUpsideDown UIInterfaceOrientationLandscapeLeft UIInterfaceOrientationLandscapeRight";
				INFOPLIST_KEY_UISupportedInterfaceOrientations_iPhone = "UIInterfaceOrientationPortrait UIInterfaceOrientationLandscapeLeft UIInterfaceOrientationLandscapeRight";
				LD_RUNPATH_SEARCH_PATHS = (
					"$(inherited)",
					"@executable_path/Frameworks",
				);
				MARKETING_VERSION = 1.0;
				PRODUCT_BUNDLE_IDENTIFIER = fd.NetworkTestingApp;
				PRODUCT_NAME = "$(TARGET_NAME)";
				SWIFT_EMIT_LOC_STRINGS = YES;
				SWIFT_VERSION = 5.0;
				TARGETED_DEVICE_FAMILY = "1,2";
			};
			name = Debug;
		};
		E00ED0EA2BC7697400D1DBAA /* Release */ = {
			isa = XCBuildConfiguration;
			buildSettings = {
				ASSETCATALOG_COMPILER_APPICON_NAME = AppIcon;
				ASSETCATALOG_COMPILER_GLOBAL_ACCENT_COLOR_NAME = AccentColor;
				CODE_SIGN_STYLE = Automatic;
				CURRENT_PROJECT_VERSION = 1;
				GENERATE_INFOPLIST_FILE = YES;
				INFOPLIST_FILE = NetworkTestingApp/Info.plist;
				INFOPLIST_KEY_UIApplicationSupportsIndirectInputEvents = YES;
				INFOPLIST_KEY_UILaunchStoryboardName = LaunchScreen;
				INFOPLIST_KEY_UIMainStoryboardFile = Main;
				INFOPLIST_KEY_UISupportedInterfaceOrientations_iPad = "UIInterfaceOrientationPortrait UIInterfaceOrientationPortraitUpsideDown UIInterfaceOrientationLandscapeLeft UIInterfaceOrientationLandscapeRight";
				INFOPLIST_KEY_UISupportedInterfaceOrientations_iPhone = "UIInterfaceOrientationPortrait UIInterfaceOrientationLandscapeLeft UIInterfaceOrientationLandscapeRight";
				LD_RUNPATH_SEARCH_PATHS = (
					"$(inherited)",
					"@executable_path/Frameworks",
				);
				MARKETING_VERSION = 1.0;
				PRODUCT_BUNDLE_IDENTIFIER = fd.NetworkTestingApp;
				PRODUCT_NAME = "$(TARGET_NAME)";
				SWIFT_EMIT_LOC_STRINGS = YES;
				SWIFT_VERSION = 5.0;
				TARGETED_DEVICE_FAMILY = "1,2";
			};
			name = Release;
		};
		E00ED0EC2BC7697400D1DBAA /* Debug */ = {
			isa = XCBuildConfiguration;
			buildSettings = {
				ALWAYS_EMBED_SWIFT_STANDARD_LIBRARIES = YES;
				BUNDLE_LOADER = "$(TEST_HOST)";
				CODE_SIGN_STYLE = Automatic;
				CURRENT_PROJECT_VERSION = 1;
				GENERATE_INFOPLIST_FILE = YES;
				IPHONEOS_DEPLOYMENT_TARGET = 17.0;
				MARKETING_VERSION = 1.0;
				PRODUCT_BUNDLE_IDENTIFIER = fd.NetworkTestingAppTests;
				PRODUCT_NAME = "$(TARGET_NAME)";
				SWIFT_EMIT_LOC_STRINGS = NO;
				SWIFT_VERSION = 5.0;
				TARGETED_DEVICE_FAMILY = "1,2";
				TEST_HOST = "$(BUILT_PRODUCTS_DIR)/NetworkTestingApp.app/$(BUNDLE_EXECUTABLE_FOLDER_PATH)/NetworkTestingApp";
			};
			name = Debug;
		};
		E00ED0ED2BC7697400D1DBAA /* Release */ = {
			isa = XCBuildConfiguration;
			buildSettings = {
				ALWAYS_EMBED_SWIFT_STANDARD_LIBRARIES = YES;
				BUNDLE_LOADER = "$(TEST_HOST)";
				CODE_SIGN_STYLE = Automatic;
				CURRENT_PROJECT_VERSION = 1;
				GENERATE_INFOPLIST_FILE = YES;
				IPHONEOS_DEPLOYMENT_TARGET = 17.0;
				MARKETING_VERSION = 1.0;
				PRODUCT_BUNDLE_IDENTIFIER = fd.NetworkTestingAppTests;
				PRODUCT_NAME = "$(TARGET_NAME)";
				SWIFT_EMIT_LOC_STRINGS = NO;
				SWIFT_VERSION = 5.0;
				TARGETED_DEVICE_FAMILY = "1,2";
				TEST_HOST = "$(BUILT_PRODUCTS_DIR)/NetworkTestingApp.app/$(BUNDLE_EXECUTABLE_FOLDER_PATH)/NetworkTestingApp";
			};
			name = Release;
		};
		E00ED0EF2BC7697400D1DBAA /* Debug */ = {
			isa = XCBuildConfiguration;
			buildSettings = {
				ALWAYS_EMBED_SWIFT_STANDARD_LIBRARIES = YES;
				CODE_SIGN_STYLE = Automatic;
				CURRENT_PROJECT_VERSION = 1;
				GENERATE_INFOPLIST_FILE = YES;
				MARKETING_VERSION = 1.0;
				PRODUCT_BUNDLE_IDENTIFIER = fd.NetworkTestingAppUITests;
				PRODUCT_NAME = "$(TARGET_NAME)";
				SWIFT_EMIT_LOC_STRINGS = NO;
				SWIFT_VERSION = 5.0;
				TARGETED_DEVICE_FAMILY = "1,2";
				TEST_TARGET_NAME = NetworkTestingApp;
			};
			name = Debug;
		};
		E00ED0F02BC7697400D1DBAA /* Release */ = {
			isa = XCBuildConfiguration;
			buildSettings = {
				ALWAYS_EMBED_SWIFT_STANDARD_LIBRARIES = YES;
				CODE_SIGN_STYLE = Automatic;
				CURRENT_PROJECT_VERSION = 1;
				GENERATE_INFOPLIST_FILE = YES;
				MARKETING_VERSION = 1.0;
				PRODUCT_BUNDLE_IDENTIFIER = fd.NetworkTestingAppUITests;
				PRODUCT_NAME = "$(TARGET_NAME)";
				SWIFT_EMIT_LOC_STRINGS = NO;
				SWIFT_VERSION = 5.0;
				TARGETED_DEVICE_FAMILY = "1,2";
				TEST_TARGET_NAME = NetworkTestingApp;
			};
			name = Release;
		};
/* End XCBuildConfiguration section */

/* Begin XCConfigurationList section */
		E00ED0B92BC7697200D1DBAA /* Build configuration list for PBXProject "NetworkTestingApp" */ = {
			isa = XCConfigurationList;
			buildConfigurations = (
				E00ED0E62BC7697400D1DBAA /* Debug */,
				E00ED0E72BC7697400D1DBAA /* Release */,
			);
			defaultConfigurationIsVisible = 0;
			defaultConfigurationName = Release;
		};
		E00ED0E82BC7697400D1DBAA /* Build configuration list for PBXNativeTarget "NetworkTestingApp" */ = {
			isa = XCConfigurationList;
			buildConfigurations = (
				E00ED0E92BC7697400D1DBAA /* Debug */,
				E00ED0EA2BC7697400D1DBAA /* Release */,
			);
			defaultConfigurationIsVisible = 0;
			defaultConfigurationName = Release;
		};
		E00ED0EB2BC7697400D1DBAA /* Build configuration list for PBXNativeTarget "NetworkTestingAppTests" */ = {
			isa = XCConfigurationList;
			buildConfigurations = (
				E00ED0EC2BC7697400D1DBAA /* Debug */,
				E00ED0ED2BC7697400D1DBAA /* Release */,
			);
			defaultConfigurationIsVisible = 0;
			defaultConfigurationName = Release;
		};
		E00ED0EE2BC7697400D1DBAA /* Build configuration list for PBXNativeTarget "NetworkTestingAppUITests" */ = {
			isa = XCConfigurationList;
			buildConfigurations = (
				E00ED0EF2BC7697400D1DBAA /* Debug */,
				E00ED0F02BC7697400D1DBAA /* Release */,
			);
			defaultConfigurationIsVisible = 0;
			defaultConfigurationName = Release;
		};
/* End XCConfigurationList section */
	};
	rootObject = E00ED0B62BC7697200D1DBAA /* Project object */;
}
